// !$*UTF8*$!
{
	archiveVersion = 1;
	classes = {
	};
	objectVersion = 77;
	objects = {

/* Begin PBXBuildFile section */
		DE4BEBDB2D78CB75000A2171 /* Kingfisher in Frameworks */ = {isa = PBXBuildFile; productRef = DE4BEBDA2D78CB75000A2171 /* Kingfisher */; };
/* End PBXBuildFile section */

/* Begin PBXContainerItemProxy section */
		DE16E4A82D73C5210006BC8C /* PBXContainerItemProxy */ = {
			isa = PBXContainerItemProxy;
			containerPortal = DE16E48E2D73C5200006BC8C /* Project object */;
			proxyType = 1;
			remoteGlobalIDString = DE16E4952D73C5200006BC8C;
			remoteInfo = Headlinr;
		};
		DE16E4B22D73C5210006BC8C /* PBXContainerItemProxy */ = {
			isa = PBXContainerItemProxy;
			containerPortal = DE16E48E2D73C5200006BC8C /* Project object */;
			proxyType = 1;
			remoteGlobalIDString = DE16E4952D73C5200006BC8C;
			remoteInfo = Headlinr;
		};
/* End PBXContainerItemProxy section */

/* Begin PBXFileReference section */
		DE16E4962D73C5200006BC8C /* Headlinr.app */ = {isa = PBXFileReference; explicitFileType = wrapper.application; includeInIndex = 0; path = Headlinr.app; sourceTree = BUILT_PRODUCTS_DIR; };
		DE16E4A72D73C5210006BC8C /* HeadlinrTests.xctest */ = {isa = PBXFileReference; explicitFileType = wrapper.cfbundle; includeInIndex = 0; path = HeadlinrTests.xctest; sourceTree = BUILT_PRODUCTS_DIR; };
		DE16E4B12D73C5210006BC8C /* HeadlinrUITests.xctest */ = {isa = PBXFileReference; explicitFileType = wrapper.cfbundle; includeInIndex = 0; path = HeadlinrUITests.xctest; sourceTree = BUILT_PRODUCTS_DIR; };
/* End PBXFileReference section */

/* Begin PBXFileSystemSynchronizedBuildFileExceptionSet section */
		DE16E5002D73D96E0006BC8C /* Exceptions for "Headlinr" folder in "Headlinr" target */ = {
			isa = PBXFileSystemSynchronizedBuildFileExceptionSet;
			membershipExceptions = (
				Assets.xcassets,
				Components/CustomTabBarView.swift,
				Components/SafariView.swift,
				Constant/HeadlinrConstants.swift,
				HeadlinrApp.swift,
				Model/Article.swift,
				Networking/APIService.swift,
				Networking/EndpointProtocol.swift,
				Networking/NewsEndpoint.swift,
				"Preview Content/Preview Assets.xcassets",
				View/BookmarksView.swift,
				View/CustomSearchBarView.swift,
				View/Home.swift,
				View/NewsDetailView.swift,
				View/NewsRowView.swift,
				View/ProfileView.swift,
				ViewModel/ArticleViewModel.swift,
				ViewModel/BookmarksViewModel.swift,
			);
			target = DE16E4952D73C5200006BC8C /* Headlinr */;
		};
		DE16E5012D73D96E0006BC8C /* Exceptions for "Headlinr" folder in "HeadlinrTests" target */ = {
			isa = PBXFileSystemSynchronizedBuildFileExceptionSet;
			membershipExceptions = (
				Assets.xcassets,
				HeadlinrApp.swift,
				Info.plist,
				"Preview Content/Preview Assets.xcassets",
				View/Home.swift,
			);
			target = DE16E4A62D73C5210006BC8C /* HeadlinrTests */;
		};
/* End PBXFileSystemSynchronizedBuildFileExceptionSet section */

/* Begin PBXFileSystemSynchronizedRootGroup section */
		DE16E4AA2D73C5210006BC8C /* HeadlinrTests */ = {
			isa = PBXFileSystemSynchronizedRootGroup;
			path = HeadlinrTests;
			sourceTree = "<group>";
		};
		DE16E4B42D73C5210006BC8C /* HeadlinrUITests */ = {
			isa = PBXFileSystemSynchronizedRootGroup;
			path = HeadlinrUITests;
			sourceTree = "<group>";
		};
		DE16E4FB2D73D96E0006BC8C /* Headlinr */ = {
			isa = PBXFileSystemSynchronizedRootGroup;
			exceptions = (
				DE16E5002D73D96E0006BC8C /* Exceptions for "Headlinr" folder in "Headlinr" target */,
				DE16E5012D73D96E0006BC8C /* Exceptions for "Headlinr" folder in "HeadlinrTests" target */,
			);
			path = Headlinr;
			sourceTree = "<group>";
		};
/* End PBXFileSystemSynchronizedRootGroup section */

/* Begin PBXFrameworksBuildPhase section */
		DE16E4932D73C5200006BC8C /* Frameworks */ = {
			isa = PBXFrameworksBuildPhase;
			buildActionMask = 2147483647;
			files = (
				DE4BEBDB2D78CB75000A2171 /* Kingfisher in Frameworks */,
			);
			runOnlyForDeploymentPostprocessing = 0;
		};
		DE16E4A42D73C5210006BC8C /* Frameworks */ = {
			isa = PBXFrameworksBuildPhase;
			buildActionMask = 2147483647;
			files = (
			);
			runOnlyForDeploymentPostprocessing = 0;
		};
		DE16E4AE2D73C5210006BC8C /* Frameworks */ = {
			isa = PBXFrameworksBuildPhase;
			buildActionMask = 2147483647;
			files = (
			);
			runOnlyForDeploymentPostprocessing = 0;
		};
/* End PBXFrameworksBuildPhase section */

/* Begin PBXGroup section */
		DE16E48D2D73C5200006BC8C = {
			isa = PBXGroup;
			children = (
				DE16E4FB2D73D96E0006BC8C /* Headlinr */,
				DE16E4AA2D73C5210006BC8C /* HeadlinrTests */,
				DE16E4B42D73C5210006BC8C /* HeadlinrUITests */,
				DE4BEBD92D78CB75000A2171 /* Frameworks */,
				DE16E4972D73C5200006BC8C /* Products */,
			);
			sourceTree = "<group>";
		};
		DE16E4972D73C5200006BC8C /* Products */ = {
			isa = PBXGroup;
			children = (
				DE16E4962D73C5200006BC8C /* Headlinr.app */,
				DE16E4A72D73C5210006BC8C /* HeadlinrTests.xctest */,
				DE16E4B12D73C5210006BC8C /* HeadlinrUITests.xctest */,
			);
			name = Products;
			sourceTree = "<group>";
		};
		DE4BEBD92D78CB75000A2171 /* Frameworks */ = {
			isa = PBXGroup;
			children = (
			);
			name = Frameworks;
			sourceTree = "<group>";
		};
/* End PBXGroup section */

/* Begin PBXNativeTarget section */
		DE16E4952D73C5200006BC8C /* Headlinr */ = {
			isa = PBXNativeTarget;
			buildConfigurationList = DE16E4BB2D73C5210006BC8C /* Build configuration list for PBXNativeTarget "Headlinr" */;
			buildPhases = (
				DE16E4922D73C5200006BC8C /* Sources */,
				DE16E4932D73C5200006BC8C /* Frameworks */,
				DE16E4942D73C5200006BC8C /* Resources */,
			);
			buildRules = (
			);
			dependencies = (
			);
			name = Headlinr;
			packageProductDependencies = (
				DE4BEBDA2D78CB75000A2171 /* Kingfisher */,
			);
			productName = Headlinr;
			productReference = DE16E4962D73C5200006BC8C /* Headlinr.app */;
			productType = "com.apple.product-type.application";
		};
		DE16E4A62D73C5210006BC8C /* HeadlinrTests */ = {
			isa = PBXNativeTarget;
			buildConfigurationList = DE16E4BE2D73C5210006BC8C /* Build configuration list for PBXNativeTarget "HeadlinrTests" */;
			buildPhases = (
				DE16E4A32D73C5210006BC8C /* Sources */,
				DE16E4A42D73C5210006BC8C /* Frameworks */,
				DE16E4A52D73C5210006BC8C /* Resources */,
			);
			buildRules = (
			);
			dependencies = (
				DE16E4A92D73C5210006BC8C /* PBXTargetDependency */,
			);
			fileSystemSynchronizedGroups = (
				DE16E4AA2D73C5210006BC8C /* HeadlinrTests */,
				DE16E4FB2D73D96E0006BC8C /* Headlinr */,
			);
			name = HeadlinrTests;
			packageProductDependencies = (
			);
			productName = HeadlinrTests;
			productReference = DE16E4A72D73C5210006BC8C /* HeadlinrTests.xctest */;
			productType = "com.apple.product-type.bundle.unit-test";
		};
		DE16E4B02D73C5210006BC8C /* HeadlinrUITests */ = {
			isa = PBXNativeTarget;
			buildConfigurationList = DE16E4C12D73C5210006BC8C /* Build configuration list for PBXNativeTarget "HeadlinrUITests" */;
			buildPhases = (
				DE16E4AD2D73C5210006BC8C /* Sources */,
				DE16E4AE2D73C5210006BC8C /* Frameworks */,
				DE16E4AF2D73C5210006BC8C /* Resources */,
			);
			buildRules = (
			);
			dependencies = (
				DE16E4B32D73C5210006BC8C /* PBXTargetDependency */,
			);
			fileSystemSynchronizedGroups = (
				DE16E4B42D73C5210006BC8C /* HeadlinrUITests */,
			);
			name = HeadlinrUITests;
			packageProductDependencies = (
			);
			productName = HeadlinrUITests;
			productReference = DE16E4B12D73C5210006BC8C /* HeadlinrUITests.xctest */;
			productType = "com.apple.product-type.bundle.ui-testing";
		};
/* End PBXNativeTarget section */

/* Begin PBXProject section */
		DE16E48E2D73C5200006BC8C /* Project object */ = {
			isa = PBXProject;
			attributes = {
				BuildIndependentTargetsInParallel = 1;
				LastSwiftUpdateCheck = 1620;
				LastUpgradeCheck = 1620;
				TargetAttributes = {
					DE16E4952D73C5200006BC8C = {
						CreatedOnToolsVersion = 16.2;
					};
					DE16E4A62D73C5210006BC8C = {
						CreatedOnToolsVersion = 16.2;
						TestTargetID = DE16E4952D73C5200006BC8C;
					};
					DE16E4B02D73C5210006BC8C = {
						CreatedOnToolsVersion = 16.2;
						TestTargetID = DE16E4952D73C5200006BC8C;
					};
				};
			};
			buildConfigurationList = DE16E4912D73C5200006BC8C /* Build configuration list for PBXProject "Headlinr" */;
			developmentRegion = en;
			hasScannedForEncodings = 0;
			knownRegions = (
				en,
				Base,
			);
			mainGroup = DE16E48D2D73C5200006BC8C;
			minimizedProjectReferenceProxies = 1;
			packageReferences = (
				DE4BEBAB2D78CA79000A2171 /* XCRemoteSwiftPackageReference "Kingfisher" */,
			);
			preferredProjectObjectVersion = 77;
			productRefGroup = DE16E4972D73C5200006BC8C /* Products */;
			projectDirPath = "";
			projectRoot = "";
			targets = (
				DE16E4952D73C5200006BC8C /* Headlinr */,
				DE16E4A62D73C5210006BC8C /* HeadlinrTests */,
				DE16E4B02D73C5210006BC8C /* HeadlinrUITests */,
			);
		};
/* End PBXProject section */

/* Begin PBXResourcesBuildPhase section */
		DE16E4942D73C5200006BC8C /* Resources */ = {
			isa = PBXResourcesBuildPhase;
			buildActionMask = 2147483647;
			files = (
			);
			runOnlyForDeploymentPostprocessing = 0;
		};
		DE16E4A52D73C5210006BC8C /* Resources */ = {
			isa = PBXResourcesBuildPhase;
			buildActionMask = 2147483647;
			files = (
			);
			runOnlyForDeploymentPostprocessing = 0;
		};
		DE16E4AF2D73C5210006BC8C /* Resources */ = {
			isa = PBXResourcesBuildPhase;
			buildActionMask = 2147483647;
			files = (
			);
			runOnlyForDeploymentPostprocessing = 0;
		};
/* End PBXResourcesBuildPhase section */

/* Begin PBXSourcesBuildPhase section */
		DE16E4922D73C5200006BC8C /* Sources */ = {
			isa = PBXSourcesBuildPhase;
			buildActionMask = 2147483647;
			files = (
			);
			runOnlyForDeploymentPostprocessing = 0;
		};
		DE16E4A32D73C5210006BC8C /* Sources */ = {
			isa = PBXSourcesBuildPhase;
			buildActionMask = 2147483647;
			files = (
			);
			runOnlyForDeploymentPostprocessing = 0;
		};
		DE16E4AD2D73C5210006BC8C /* Sources */ = {
			isa = PBXSourcesBuildPhase;
			buildActionMask = 2147483647;
			files = (
			);
			runOnlyForDeploymentPostprocessing = 0;
		};
/* End PBXSourcesBuildPhase section */

/* Begin PBXTargetDependency section */
		DE16E4A92D73C5210006BC8C /* PBXTargetDependency */ = {
			isa = PBXTargetDependency;
			target = DE16E4952D73C5200006BC8C /* Headlinr */;
			targetProxy = DE16E4A82D73C5210006BC8C /* PBXContainerItemProxy */;
		};
		DE16E4B32D73C5210006BC8C /* PBXTargetDependency */ = {
			isa = PBXTargetDependency;
			target = DE16E4952D73C5200006BC8C /* Headlinr */;
			targetProxy = DE16E4B22D73C5210006BC8C /* PBXContainerItemProxy */;
		};
/* End PBXTargetDependency section */

/* Begin XCBuildConfiguration section */
		DE16E4B92D73C5210006BC8C /* Debug */ = {
			isa = XCBuildConfiguration;
			buildSettings = {
				ALWAYS_SEARCH_USER_PATHS = NO;
				ASSETCATALOG_COMPILER_GENERATE_SWIFT_ASSET_SYMBOL_EXTENSIONS = YES;
				CLANG_ANALYZER_NONNULL = YES;
				CLANG_ANALYZER_NUMBER_OBJECT_CONVERSION = YES_AGGRESSIVE;
				CLANG_CXX_LANGUAGE_STANDARD = "gnu++20";
				CLANG_ENABLE_MODULES = YES;
				CLANG_ENABLE_OBJC_ARC = YES;
				CLANG_ENABLE_OBJC_WEAK = YES;
				CLANG_WARN_BLOCK_CAPTURE_AUTORELEASING = YES;
				CLANG_WARN_BOOL_CONVERSION = YES;
				CLANG_WARN_COMMA = YES;
				CLANG_WARN_CONSTANT_CONVERSION = YES;
				CLANG_WARN_DEPRECATED_OBJC_IMPLEMENTATIONS = YES;
				CLANG_WARN_DIRECT_OBJC_ISA_USAGE = YES_ERROR;
				CLANG_WARN_DOCUMENTATION_COMMENTS = YES;
				CLANG_WARN_EMPTY_BODY = YES;
				CLANG_WARN_ENUM_CONVERSION = YES;
				CLANG_WARN_INFINITE_RECURSION = YES;
				CLANG_WARN_INT_CONVERSION = YES;
				CLANG_WARN_NON_LITERAL_NULL_CONVERSION = YES;
				CLANG_WARN_OBJC_IMPLICIT_RETAIN_SELF = YES;
				CLANG_WARN_OBJC_LITERAL_CONVERSION = YES;
				CLANG_WARN_OBJC_ROOT_CLASS = YES_ERROR;
				CLANG_WARN_QUOTED_INCLUDE_IN_FRAMEWORK_HEADER = YES;
				CLANG_WARN_RANGE_LOOP_ANALYSIS = YES;
				CLANG_WARN_STRICT_PROTOTYPES = YES;
				CLANG_WARN_SUSPICIOUS_MOVE = YES;
				CLANG_WARN_UNGUARDED_AVAILABILITY = YES_AGGRESSIVE;
				CLANG_WARN_UNREACHABLE_CODE = YES;
				CLANG_WARN__DUPLICATE_METHOD_MATCH = YES;
				COPY_PHASE_STRIP = NO;
				DEBUG_INFORMATION_FORMAT = dwarf;
				ENABLE_STRICT_OBJC_MSGSEND = YES;
				ENABLE_TESTABILITY = YES;
				ENABLE_USER_SCRIPT_SANDBOXING = YES;
				GCC_C_LANGUAGE_STANDARD = gnu17;
				GCC_DYNAMIC_NO_PIC = NO;
				GCC_NO_COMMON_BLOCKS = YES;
				GCC_OPTIMIZATION_LEVEL = 0;
				GCC_PREPROCESSOR_DEFINITIONS = (
					"DEBUG=1",
					"$(inherited)",
				);
				GCC_WARN_64_TO_32_BIT_CONVERSION = YES;
				GCC_WARN_ABOUT_RETURN_TYPE = YES_ERROR;
				GCC_WARN_UNDECLARED_SELECTOR = YES;
				GCC_WARN_UNINITIALIZED_AUTOS = YES_AGGRESSIVE;
				GCC_WARN_UNUSED_FUNCTION = YES;
				GCC_WARN_UNUSED_VARIABLE = YES;
				LOCALIZATION_PREFERS_STRING_CATALOGS = YES;
				MTL_ENABLE_DEBUG_INFO = INCLUDE_SOURCE;
				MTL_FAST_MATH = YES;
				ONLY_ACTIVE_ARCH = YES;
				SWIFT_ACTIVE_COMPILATION_CONDITIONS = "DEBUG $(inherited)";
				SWIFT_OPTIMIZATION_LEVEL = "-Onone";
			};
			name = Debug;
		};
		DE16E4BA2D73C5210006BC8C /* Release */ = {
			isa = XCBuildConfiguration;
			buildSettings = {
				ALWAYS_SEARCH_USER_PATHS = NO;
				ASSETCATALOG_COMPILER_GENERATE_SWIFT_ASSET_SYMBOL_EXTENSIONS = YES;
				CLANG_ANALYZER_NONNULL = YES;
				CLANG_ANALYZER_NUMBER_OBJECT_CONVERSION = YES_AGGRESSIVE;
				CLANG_CXX_LANGUAGE_STANDARD = "gnu++20";
				CLANG_ENABLE_MODULES = YES;
				CLANG_ENABLE_OBJC_ARC = YES;
				CLANG_ENABLE_OBJC_WEAK = YES;
				CLANG_WARN_BLOCK_CAPTURE_AUTORELEASING = YES;
				CLANG_WARN_BOOL_CONVERSION = YES;
				CLANG_WARN_COMMA = YES;
				CLANG_WARN_CONSTANT_CONVERSION = YES;
				CLANG_WARN_DEPRECATED_OBJC_IMPLEMENTATIONS = YES;
				CLANG_WARN_DIRECT_OBJC_ISA_USAGE = YES_ERROR;
				CLANG_WARN_DOCUMENTATION_COMMENTS = YES;
				CLANG_WARN_EMPTY_BODY = YES;
				CLANG_WARN_ENUM_CONVERSION = YES;
				CLANG_WARN_INFINITE_RECURSION = YES;
				CLANG_WARN_INT_CONVERSION = YES;
				CLANG_WARN_NON_LITERAL_NULL_CONVERSION = YES;
				CLANG_WARN_OBJC_IMPLICIT_RETAIN_SELF = YES;
				CLANG_WARN_OBJC_LITERAL_CONVERSION = YES;
				CLANG_WARN_OBJC_ROOT_CLASS = YES_ERROR;
				CLANG_WARN_QUOTED_INCLUDE_IN_FRAMEWORK_HEADER = YES;
				CLANG_WARN_RANGE_LOOP_ANALYSIS = YES;
				CLANG_WARN_STRICT_PROTOTYPES = YES;
				CLANG_WARN_SUSPICIOUS_MOVE = YES;
				CLANG_WARN_UNGUARDED_AVAILABILITY = YES_AGGRESSIVE;
				CLANG_WARN_UNREACHABLE_CODE = YES;
				CLANG_WARN__DUPLICATE_METHOD_MATCH = YES;
				COPY_PHASE_STRIP = NO;
				DEBUG_INFORMATION_FORMAT = "dwarf-with-dsym";
				ENABLE_NS_ASSERTIONS = NO;
				ENABLE_STRICT_OBJC_MSGSEND = YES;
				ENABLE_USER_SCRIPT_SANDBOXING = YES;
				GCC_C_LANGUAGE_STANDARD = gnu17;
				GCC_NO_COMMON_BLOCKS = YES;
				GCC_WARN_64_TO_32_BIT_CONVERSION = YES;
				GCC_WARN_ABOUT_RETURN_TYPE = YES_ERROR;
				GCC_WARN_UNDECLARED_SELECTOR = YES;
				GCC_WARN_UNINITIALIZED_AUTOS = YES_AGGRESSIVE;
				GCC_WARN_UNUSED_FUNCTION = YES;
				GCC_WARN_UNUSED_VARIABLE = YES;
				LOCALIZATION_PREFERS_STRING_CATALOGS = YES;
				MTL_ENABLE_DEBUG_INFO = NO;
				MTL_FAST_MATH = YES;
				SWIFT_COMPILATION_MODE = wholemodule;
			};
			name = Release;
		};
		DE16E4BC2D73C5210006BC8C /* Debug */ = {
			isa = XCBuildConfiguration;
			buildSettings = {
				ASSETCATALOG_COMPILER_APPICON_NAME = AppIcon;
				ASSETCATALOG_COMPILER_GLOBAL_ACCENT_COLOR_NAME = AccentColor;
				CODE_SIGN_ENTITLEMENTS = Headlinr/Headlinr.entitlements;
				CODE_SIGN_STYLE = Automatic;
				CURRENT_PROJECT_VERSION = 1;
				DEVELOPMENT_ASSET_PATHS = "\"Headlinr/Preview Content\"";
				DEVELOPMENT_TEAM = V7S6SD2F9F;
				ENABLE_HARDENED_RUNTIME = YES;
				ENABLE_PREVIEWS = YES;
				GENERATE_INFOPLIST_FILE = YES;
				INFOPLIST_FILE = Headlinr/Info.plist;
				"INFOPLIST_KEY_UIApplicationSceneManifest_Generation[sdk=iphoneos*]" = YES;
				"INFOPLIST_KEY_UIApplicationSceneManifest_Generation[sdk=iphonesimulator*]" = YES;
				"INFOPLIST_KEY_UIApplicationSupportsIndirectInputEvents[sdk=iphoneos*]" = YES;
				"INFOPLIST_KEY_UIApplicationSupportsIndirectInputEvents[sdk=iphonesimulator*]" = YES;
				"INFOPLIST_KEY_UILaunchScreen_Generation[sdk=iphoneos*]" = YES;
				"INFOPLIST_KEY_UILaunchScreen_Generation[sdk=iphonesimulator*]" = YES;
				"INFOPLIST_KEY_UIStatusBarStyle[sdk=iphoneos*]" = UIStatusBarStyleDefault;
				"INFOPLIST_KEY_UIStatusBarStyle[sdk=iphonesimulator*]" = UIStatusBarStyleDefault;
				INFOPLIST_KEY_UISupportedInterfaceOrientations_iPad = "UIInterfaceOrientationPortrait UIInterfaceOrientationPortraitUpsideDown UIInterfaceOrientationLandscapeLeft UIInterfaceOrientationLandscapeRight";
				INFOPLIST_KEY_UISupportedInterfaceOrientations_iPhone = "UIInterfaceOrientationPortrait UIInterfaceOrientationLandscapeLeft UIInterfaceOrientationLandscapeRight";
				IPHONEOS_DEPLOYMENT_TARGET = 17.6;
				LD_RUNPATH_SEARCH_PATHS = "@executable_path/Frameworks";
				"LD_RUNPATH_SEARCH_PATHS[sdk=macosx*]" = "@executable_path/../Frameworks";
				MACOSX_DEPLOYMENT_TARGET = 15.2;
				MARKETING_VERSION = 1.0;
				PRODUCT_BUNDLE_IDENTIFIER = com.mieng.Headlinr;
				PRODUCT_NAME = "$(TARGET_NAME)";
				SDKROOT = auto;
				SUPPORTED_PLATFORMS = "iphoneos iphonesimulator macosx xros xrsimulator";
				SWIFT_EMIT_LOC_STRINGS = YES;
				SWIFT_VERSION = 5.0;
				TARGETED_DEVICE_FAMILY = "1,2,7";
				XROS_DEPLOYMENT_TARGET = 2.2;
			};
			name = Debug;
		};
		DE16E4BD2D73C5210006BC8C /* Release */ = {
			isa = XCBuildConfiguration;
			buildSettings = {
				ASSETCATALOG_COMPILER_APPICON_NAME = AppIcon;
				ASSETCATALOG_COMPILER_GLOBAL_ACCENT_COLOR_NAME = AccentColor;
				CODE_SIGN_ENTITLEMENTS = Headlinr/Headlinr.entitlements;
				CODE_SIGN_STYLE = Automatic;
				CURRENT_PROJECT_VERSION = 1;
				DEVELOPMENT_ASSET_PATHS = "\"Headlinr/Preview Content\"";
				DEVELOPMENT_TEAM = V7S6SD2F9F;
				ENABLE_HARDENED_RUNTIME = YES;
				ENABLE_PREVIEWS = YES;
				GENERATE_INFOPLIST_FILE = YES;
				INFOPLIST_FILE = Headlinr/Info.plist;
				"INFOPLIST_KEY_UIApplicationSceneManifest_Generation[sdk=iphoneos*]" = YES;
				"INFOPLIST_KEY_UIApplicationSceneManifest_Generation[sdk=iphonesimulator*]" = YES;
				"INFOPLIST_KEY_UIApplicationSupportsIndirectInputEvents[sdk=iphoneos*]" = YES;
				"INFOPLIST_KEY_UIApplicationSupportsIndirectInputEvents[sdk=iphonesimulator*]" = YES;
				"INFOPLIST_KEY_UILaunchScreen_Generation[sdk=iphoneos*]" = YES;
				"INFOPLIST_KEY_UILaunchScreen_Generation[sdk=iphonesimulator*]" = YES;
				"INFOPLIST_KEY_UIStatusBarStyle[sdk=iphoneos*]" = UIStatusBarStyleDefault;
				"INFOPLIST_KEY_UIStatusBarStyle[sdk=iphonesimulator*]" = UIStatusBarStyleDefault;
				INFOPLIST_KEY_UISupportedInterfaceOrientations_iPad = "UIInterfaceOrientationPortrait UIInterfaceOrientationPortraitUpsideDown UIInterfaceOrientationLandscapeLeft UIInterfaceOrientationLandscapeRight";
				INFOPLIST_KEY_UISupportedInterfaceOrientations_iPhone = "UIInterfaceOrientationPortrait UIInterfaceOrientationLandscapeLeft UIInterfaceOrientationLandscapeRight";
				IPHONEOS_DEPLOYMENT_TARGET = 17.6;
				LD_RUNPATH_SEARCH_PATHS = "@executable_path/Frameworks";
				"LD_RUNPATH_SEARCH_PATHS[sdk=macosx*]" = "@executable_path/../Frameworks";
				MACOSX_DEPLOYMENT_TARGET = 15.2;
				MARKETING_VERSION = 1.0;
				PRODUCT_BUNDLE_IDENTIFIER = com.mieng.Headlinr;
				PRODUCT_NAME = "$(TARGET_NAME)";
				SDKROOT = auto;
				SUPPORTED_PLATFORMS = "iphoneos iphonesimulator macosx xros xrsimulator";
				SWIFT_EMIT_LOC_STRINGS = YES;
				SWIFT_VERSION = 5.0;
				TARGETED_DEVICE_FAMILY = "1,2,7";
				XROS_DEPLOYMENT_TARGET = 2.2;
			};
			name = Release;
		};
		DE16E4BF2D73C5210006BC8C /* Debug */ = {
			isa = XCBuildConfiguration;
			buildSettings = {
				BUNDLE_LOADER = "$(TEST_HOST)";
				CODE_SIGN_STYLE = Automatic;
				CURRENT_PROJECT_VERSION = 1;
				DEVELOPMENT_TEAM = V7S6SD2F9F;
				GENERATE_INFOPLIST_FILE = YES;
				IPHONEOS_DEPLOYMENT_TARGET = 18.2;
				MACOSX_DEPLOYMENT_TARGET = 15.2;
				MARKETING_VERSION = 1.0;
				PRODUCT_BUNDLE_IDENTIFIER = com.mieng.HeadlinrTests;
				PRODUCT_NAME = "$(TARGET_NAME)";
				SDKROOT = auto;
				SUPPORTED_PLATFORMS = "iphoneos iphonesimulator macosx xros xrsimulator";
				SWIFT_EMIT_LOC_STRINGS = NO;
				SWIFT_VERSION = 5.0;
				TARGETED_DEVICE_FAMILY = "1,2,7";
				TEST_HOST = "$(BUILT_PRODUCTS_DIR)/Headlinr.app/$(BUNDLE_EXECUTABLE_FOLDER_PATH)/Headlinr";
				XROS_DEPLOYMENT_TARGET = 2.2;
			};
			name = Debug;
		};
		DE16E4C02D73C5210006BC8C /* Release */ = {
			isa = XCBuildConfiguration;
			buildSettings = {
				BUNDLE_LOADER = "$(TEST_HOST)";
				CODE_SIGN_STYLE = Automatic;
				CURRENT_PROJECT_VERSION = 1;
				DEVELOPMENT_TEAM = V7S6SD2F9F;
				GENERATE_INFOPLIST_FILE = YES;
				IPHONEOS_DEPLOYMENT_TARGET = 18.2;
				MACOSX_DEPLOYMENT_TARGET = 15.2;
				MARKETING_VERSION = 1.0;
				PRODUCT_BUNDLE_IDENTIFIER = com.mieng.HeadlinrTests;
				PRODUCT_NAME = "$(TARGET_NAME)";
				SDKROOT = auto;
				SUPPORTED_PLATFORMS = "iphoneos iphonesimulator macosx xros xrsimulator";
				SWIFT_EMIT_LOC_STRINGS = NO;
				SWIFT_VERSION = 5.0;
				TARGETED_DEVICE_FAMILY = "1,2,7";
				TEST_HOST = "$(BUILT_PRODUCTS_DIR)/Headlinr.app/$(BUNDLE_EXECUTABLE_FOLDER_PATH)/Headlinr";
				XROS_DEPLOYMENT_TARGET = 2.2;
			};
			name = Release;
		};
		DE16E4C22D73C5210006BC8C /* Debug */ = {
			isa = XCBuildConfiguration;
			buildSettings = {
				CODE_SIGN_STYLE = Automatic;
				CURRENT_PROJECT_VERSION = 1;
				DEVELOPMENT_TEAM = V7S6SD2F9F;
				GENERATE_INFOPLIST_FILE = YES;
				IPHONEOS_DEPLOYMENT_TARGET = 18.2;
				MACOSX_DEPLOYMENT_TARGET = 15.2;
				MARKETING_VERSION = 1.0;
				PRODUCT_BUNDLE_IDENTIFIER = com.mieng.HeadlinrUITests;
				PRODUCT_NAME = "$(TARGET_NAME)";
				SDKROOT = auto;
				SUPPORTED_PLATFORMS = "iphoneos iphonesimulator macosx xros xrsimulator";
				SWIFT_EMIT_LOC_STRINGS = NO;
				SWIFT_VERSION = 5.0;
				TARGETED_DEVICE_FAMILY = "1,2,7";
				TEST_TARGET_NAME = Headlinr;
				XROS_DEPLOYMENT_TARGET = 2.2;
			};
			name = Debug;
		};
		DE16E4C32D73C5210006BC8C /* Release */ = {
			isa = XCBuildConfiguration;
			buildSettings = {
				CODE_SIGN_STYLE = Automatic;
				CURRENT_PROJECT_VERSION = 1;
				DEVELOPMENT_TEAM = V7S6SD2F9F;
				GENERATE_INFOPLIST_FILE = YES;
				IPHONEOS_DEPLOYMENT_TARGET = 18.2;
				MACOSX_DEPLOYMENT_TARGET = 15.2;
				MARKETING_VERSION = 1.0;
				PRODUCT_BUNDLE_IDENTIFIER = com.mieng.HeadlinrUITests;
				PRODUCT_NAME = "$(TARGET_NAME)";
				SDKROOT = auto;
				SUPPORTED_PLATFORMS = "iphoneos iphonesimulator macosx xros xrsimulator";
				SWIFT_EMIT_LOC_STRINGS = NO;
				SWIFT_VERSION = 5.0;
				TARGETED_DEVICE_FAMILY = "1,2,7";
				TEST_TARGET_NAME = Headlinr;
				XROS_DEPLOYMENT_TARGET = 2.2;
			};
			name = Release;
		};
/* End XCBuildConfiguration section */

/* Begin XCConfigurationList section */
		DE16E4912D73C5200006BC8C /* Build configuration list for PBXProject "Headlinr" */ = {
			isa = XCConfigurationList;
			buildConfigurations = (
				DE16E4B92D73C5210006BC8C /* Debug */,
				DE16E4BA2D73C5210006BC8C /* Release */,
			);
			defaultConfigurationIsVisible = 0;
			defaultConfigurationName = Release;
		};
		DE16E4BB2D73C5210006BC8C /* Build configuration list for PBXNativeTarget "Headlinr" */ = {
			isa = XCConfigurationList;
			buildConfigurations = (
				DE16E4BC2D73C5210006BC8C /* Debug */,
				DE16E4BD2D73C5210006BC8C /* Release */,
			);
			defaultConfigurationIsVisible = 0;
			defaultConfigurationName = Release;
		};
		DE16E4BE2D73C5210006BC8C /* Build configuration list for PBXNativeTarget "HeadlinrTests" */ = {
			isa = XCConfigurationList;
			buildConfigurations = (
				DE16E4BF2D73C5210006BC8C /* Debug */,
				DE16E4C02D73C5210006BC8C /* Release */,
			);
			defaultConfigurationIsVisible = 0;
			defaultConfigurationName = Release;
		};
		DE16E4C12D73C5210006BC8C /* Build configuration list for PBXNativeTarget "HeadlinrUITests" */ = {
			isa = XCConfigurationList;
			buildConfigurations = (
				DE16E4C22D73C5210006BC8C /* Debug */,
				DE16E4C32D73C5210006BC8C /* Release */,
			);
			defaultConfigurationIsVisible = 0;
			defaultConfigurationName = Release;
		};
/* End XCConfigurationList section */

/* Begin XCRemoteSwiftPackageReference section */
		DE4BEBAB2D78CA79000A2171 /* XCRemoteSwiftPackageReference "Kingfisher" */ = {
			isa = XCRemoteSwiftPackageReference;
			repositoryURL = "https://github.com/onevcat/Kingfisher.git";
			requirement = {
				kind = upToNextMajorVersion;
				minimumVersion = 8.3.0;
			};
		};
/* End XCRemoteSwiftPackageReference section */

/* Begin XCSwiftPackageProductDependency section */
		DE4BEBDA2D78CB75000A2171 /* Kingfisher */ = {
			isa = XCSwiftPackageProductDependency;
			package = DE4BEBAB2D78CA79000A2171 /* XCRemoteSwiftPackageReference "Kingfisher" */;
			productName = Kingfisher;
		};
/* End XCSwiftPackageProductDependency section */
	};
	rootObject = DE16E48E2D73C5200006BC8C /* Project object */;
}
